
Microsoft Visual Studio Solution File, Format Version 12.00
# Visual Studio Version 17
VisualStudioVersion = 17.5.33516.290
MinimumVisualStudioVersion = 10.0.40219.1
Project("{8BC9CEB8-8B4A-11D0-8D11-00A0C91BC942}") = "Project2", "Project2.vcxproj", "{F9851BE6-95CD-462F-BE33-A4056C95A19F}"
EndProject
Global
	GlobalSection(SolutionConfigurationPlatforms) = preSolution
		Debug|x64 = Debug|x64
		Debug|x86 = Debug|x86
		Release|x64 = Release|x64
		Release|x86 = Release|x86
	EndGlobalSection
	GlobalSection(ProjectConfigurationPlatforms) = postSolution
		{F9851BE6-95CD-462F-BE33-A4056C95A19F}.Debug|x64.ActiveCfg = Debug|x64
		{F9851BE6-95CD-462F-BE33-A4056C95A19F}.Debug|x64.Build.0 = Debug|x64
		{F9851BE6-95CD-462F-BE33-A4056C95A19F}.Debug|x86.ActiveCfg = Debug|Win32
		{F9851BE6-95CD-462F-BE33-A4056C95A19F}.Debug|x86.Build.0 = Debug|Win32
		{F9851BE6-95CD-462F-BE33-A4056C95A19F}.Release|x64.ActiveCfg = Release|x64
		{F9851BE6-95CD-462F-BE33-A4056C95A19F}.Release|x64.Build.0 = Release|x64
		{F9851BE6-95CD-462F-BE33-A4056C95A19F}.Release|x86.ActiveCfg = Release|Win32
		{F9851BE6-95CD-462F-BE33-A4056C95A19F}.Release|x86.Build.0 = Release|Win32
	EndGlobalSection
	GlobalSection(SolutionProperties) = preSolution
		HideSolutionNode = FALSE
	EndGlobalSection
	GlobalSection(ExtensibilityGlobals) = postSolution
		SolutionGuid = {0E314A36-CEDE-404D-9FAE-43C10D107DC9}
	EndGlobalSection
EndGlobal
